
Microsoft Visual Studio Solution File, Format Version 12.00
# Visual Studio Version 17
VisualStudioVersion = 17.7.34031.279
MinimumVisualStudioVersion = 10.0.40219.1
Project("{FAE04EC0-301F-11D3-BF4B-00C04F79EFBC}") = "DAL", "DAL\DAL.csproj", "{9CF133FA-424F-40C2-916F-C3CE384DD931}"
EndProject
Project("{FAE04EC0-301F-11D3-BF4B-00C04F79EFBC}") = "Entities", "Entities\Entities.csproj", "{E1B52C8E-A024-4B0E-A192-5E112FFDD4F9}"
EndProject
Project("{FAE04EC0-301F-11D3-BF4B-00C04F79EFBC}") = "Test", "Test\Test.csproj", "{0B7978CE-42A9-4446-A8F6-172C9DF13FAE}"
EndProject
Project("{FAE04EC0-301F-11D3-BF4B-00C04F79EFBC}") = "BLL", "BLL\BLL.csproj", "{0FFF39E0-1484-46EB-8307-B3073FC13DB4}"
EndProject
Project("{FAE04EC0-301F-11D3-BF4B-00C04F79EFBC}") = "SLC", "SLC\SLC.csproj", "{FF8C3A4F-B75B-4404-918D-46DEE91DCA86}"
EndProject
Project("{FAE04EC0-301F-11D3-BF4B-00C04F79EFBC}") = "Service", "Service\Service.csproj", "{C5BFD839-1E52-48CA-9BED-506AA307E6F6}"
EndProject
Global
	GlobalSection(SolutionConfigurationPlatforms) = preSolution
		Debug|Any CPU = Debug|Any CPU
		Release|Any CPU = Release|Any CPU
	EndGlobalSection
	GlobalSection(ProjectConfigurationPlatforms) = postSolution
		{9CF133FA-424F-40C2-916F-C3CE384DD931}.Debug|Any CPU.ActiveCfg = Debug|Any CPU
		{9CF133FA-424F-40C2-916F-C3CE384DD931}.Debug|Any CPU.Build.0 = Debug|Any CPU
		{9CF133FA-424F-40C2-916F-C3CE384DD931}.Release|Any CPU.ActiveCfg = Release|Any CPU
		{9CF133FA-424F-40C2-916F-C3CE384DD931}.Release|Any CPU.Build.0 = Release|Any CPU
		{E1B52C8E-A024-4B0E-A192-5E112FFDD4F9}.Debug|Any CPU.ActiveCfg = Debug|Any CPU
		{E1B52C8E-A024-4B0E-A192-5E112FFDD4F9}.Debug|Any CPU.Build.0 = Debug|Any CPU
		{E1B52C8E-A024-4B0E-A192-5E112FFDD4F9}.Release|Any CPU.ActiveCfg = Release|Any CPU
		{E1B52C8E-A024-4B0E-A192-5E112FFDD4F9}.Release|Any CPU.Build.0 = Release|Any CPU
		{0B7978CE-42A9-4446-A8F6-172C9DF13FAE}.Debug|Any CPU.ActiveCfg = Debug|Any CPU
		{0B7978CE-42A9-4446-A8F6-172C9DF13FAE}.Debug|Any CPU.Build.0 = Debug|Any CPU
		{0B7978CE-42A9-4446-A8F6-172C9DF13FAE}.Release|Any CPU.ActiveCfg = Release|Any CPU
		{0B7978CE-42A9-4446-A8F6-172C9DF13FAE}.Release|Any CPU.Build.0 = Release|Any CPU
		{0FFF39E0-1484-46EB-8307-B3073FC13DB4}.Debug|Any CPU.ActiveCfg = Debug|Any CPU
		{0FFF39E0-1484-46EB-8307-B3073FC13DB4}.Debug|Any CPU.Build.0 = Debug|Any CPU
		{0FFF39E0-1484-46EB-8307-B3073FC13DB4}.Release|Any CPU.ActiveCfg = Release|Any CPU
		{0FFF39E0-1484-46EB-8307-B3073FC13DB4}.Release|Any CPU.Build.0 = Release|Any CPU
		{FF8C3A4F-B75B-4404-918D-46DEE91DCA86}.Debug|Any CPU.ActiveCfg = Debug|Any CPU
		{FF8C3A4F-B75B-4404-918D-46DEE91DCA86}.Debug|Any CPU.Build.0 = Debug|Any CPU
		{FF8C3A4F-B75B-4404-918D-46DEE91DCA86}.Release|Any CPU.ActiveCfg = Release|Any CPU
		{FF8C3A4F-B75B-4404-918D-46DEE91DCA86}.Release|Any CPU.Build.0 = Release|Any CPU
		{C5BFD839-1E52-48CA-9BED-506AA307E6F6}.Debug|Any CPU.ActiveCfg = Debug|Any CPU
		{C5BFD839-1E52-48CA-9BED-506AA307E6F6}.Debug|Any CPU.Build.0 = Debug|Any CPU
		{C5BFD839-1E52-48CA-9BED-506AA307E6F6}.Release|Any CPU.ActiveCfg = Release|Any CPU
		{C5BFD839-1E52-48CA-9BED-506AA307E6F6}.Release|Any CPU.Build.0 = Release|Any CPU
	EndGlobalSection
	GlobalSection(SolutionProperties) = preSolution
		HideSolutionNode = FALSE
	EndGlobalSection
	GlobalSection(ExtensibilityGlobals) = postSolution
		SolutionGuid = {90E3E612-9914-4D4E-9E92-BDA536BF0595}
	EndGlobalSection
EndGlobal
